
Microsoft Visual Studio Solution File, Format Version 12.00
# Visual Studio 15
VisualStudioVersion = 15.0.26228.4
MinimumVisualStudioVersion = 10.0.40219.1
Project("{8BC9CEB8-8B4A-11D0-8D11-00A0C91BC942}") = "sc-hsm-pkcs11", "sc-hsm-pkcs11.vcxproj", "{B5F4F293-44EF-404E-848F-7985BFA63137}"
EndProject
Project("{8BC9CEB8-8B4A-11D0-8D11-00A0C91BC942}") = "sc-hsm-pkcs11-test", "sc-hsm-pkcs11-test.vcxproj", "{80443FC6-FE31-4D5C-A654-CA01E8D9B196}"
	ProjectSection(ProjectDependencies) = postProject
		{B5F4F293-44EF-404E-848F-7985BFA63137} = {B5F4F293-44EF-404E-848F-7985BFA63137}
	EndProjectSection
EndProject
Project("{8BC9CEB8-8B4A-11D0-8D11-00A0C91BC942}") = "sc-hsm-ultralite-signer", "sc-hsm-ultralite-signer.vcxproj", "{CF4F0318-4841-465A-B6A0-ED78618836BB}"
EndProject
Project("{8BC9CEB8-8B4A-11D0-8D11-00A0C91BC942}") = "sc-hsm-ultralite-test", "sc-hsm-ultralite-test.vcxproj", "{E01C9DAC-044E-44E7-A714-F6F74DFCE5F6}"
	ProjectSection(ProjectDependencies) = postProject
		{2131D1C2-8C1F-40F7-9190-D65CBA2A3EBF} = {2131D1C2-8C1F-40F7-9190-D65CBA2A3EBF}
	EndProjectSection
EndProject
Project("{FAE04EC0-301F-11D3-BF4B-00C04F79EFBC}") = "sc-hsm-ultralite-test.net", "sc-hsm-ultralite-test.net.csproj", "{C32D1B86-60BD-4E46-91A3-E76820A8945F}"
	ProjectSection(ProjectDependencies) = postProject
		{2F95A161-81B8-4DDD-84DC-757948D9C27A} = {2F95A161-81B8-4DDD-84DC-757948D9C27A}
	EndProjectSection
EndProject
Project("{8BC9CEB8-8B4A-11D0-8D11-00A0C91BC942}") = "sc-hsm-ultralite-tool", "sc-hsm-ultralite-tool.vcxproj", "{92CB2442-1337-493A-A630-A8E8E4AFBA38}"
	ProjectSection(ProjectDependencies) = postProject
		{2131D1C2-8C1F-40F7-9190-D65CBA2A3EBF} = {2131D1C2-8C1F-40F7-9190-D65CBA2A3EBF}
	EndProjectSection
EndProject
Project("{8BC9CEB8-8B4A-11D0-8D11-00A0C91BC942}") = "sc-hsm-ultralite (dll)", "sc-hsm-ultralite(dll).vcxproj", "{2F95A161-81B8-4DDD-84DC-757948D9C27A}"
EndProject
Project("{8BC9CEB8-8B4A-11D0-8D11-00A0C91BC942}") = "sc-hsm-ultralite (static)", "sc-hsm-ultralite(static).vcxproj", "{2131D1C2-8C1F-40F7-9190-D65CBA2A3EBF}"
EndProject
Global
	GlobalSection(SolutionConfigurationPlatforms) = preSolution
		Debug|x64 = Debug|x64
		Debug|x86 = Debug|x86
		Release|x64 = Release|x64
		Release|x86 = Release|x86
	EndGlobalSection
	GlobalSection(ProjectConfigurationPlatforms) = postSolution
		{B5F4F293-44EF-404E-848F-7985BFA63137}.Debug|x64.ActiveCfg = Debug|x64
		{B5F4F293-44EF-404E-848F-7985BFA63137}.Debug|x64.Build.0 = Debug|x64
		{B5F4F293-44EF-404E-848F-7985BFA63137}.Debug|x86.ActiveCfg = Debug|Win32
		{B5F4F293-44EF-404E-848F-7985BFA63137}.Debug|x86.Build.0 = Debug|Win32
		{B5F4F293-44EF-404E-848F-7985BFA63137}.Release|x64.ActiveCfg = Release|x64
		{B5F4F293-44EF-404E-848F-7985BFA63137}.Release|x64.Build.0 = Release|x64
		{B5F4F293-44EF-404E-848F-7985BFA63137}.Release|x86.ActiveCfg = Release|Win32
		{B5F4F293-44EF-404E-848F-7985BFA63137}.Release|x86.Build.0 = Release|Win32
		{80443FC6-FE31-4D5C-A654-CA01E8D9B196}.Debug|x64.ActiveCfg = Debug|x64
		{80443FC6-FE31-4D5C-A654-CA01E8D9B196}.Debug|x64.Build.0 = Debug|x64
		{80443FC6-FE31-4D5C-A654-CA01E8D9B196}.Debug|x86.ActiveCfg = Debug|Win32
		{80443FC6-FE31-4D5C-A654-CA01E8D9B196}.Debug|x86.Build.0 = Debug|Win32
		{80443FC6-FE31-4D5C-A654-CA01E8D9B196}.Release|x64.ActiveCfg = Release|x64
		{80443FC6-FE31-4D5C-A654-CA01E8D9B196}.Release|x64.Build.0 = Release|x64
		{80443FC6-FE31-4D5C-A654-CA01E8D9B196}.Release|x86.ActiveCfg = Release|Win32
		{80443FC6-FE31-4D5C-A654-CA01E8D9B196}.Release|x86.Build.0 = Release|Win32
		{CF4F0318-4841-465A-B6A0-ED78618836BB}.Debug|x64.ActiveCfg = Debug|x64
		{CF4F0318-4841-465A-B6A0-ED78618836BB}.Debug|x64.Build.0 = Debug|x64
		{CF4F0318-4841-465A-B6A0-ED78618836BB}.Debug|x86.ActiveCfg = Debug|Win32
		{CF4F0318-4841-465A-B6A0-ED78618836BB}.Debug|x86.Build.0 = Debug|Win32
		{CF4F0318-4841-465A-B6A0-ED78618836BB}.Release|x64.ActiveCfg = Release|x64
		{CF4F0318-4841-465A-B6A0-ED78618836BB}.Release|x64.Build.0 = Release|x64
		{CF4F0318-4841-465A-B6A0-ED78618836BB}.Release|x86.ActiveCfg = Release|Win32
		{CF4F0318-4841-465A-B6A0-ED78618836BB}.Release|x86.Build.0 = Release|Win32
		{E01C9DAC-044E-44E7-A714-F6F74DFCE5F6}.Debug|x64.ActiveCfg = Debug|x64
		{E01C9DAC-044E-44E7-A714-F6F74DFCE5F6}.Debug|x64.Build.0 = Debug|x64
		{E01C9DAC-044E-44E7-A714-F6F74DFCE5F6}.Debug|x86.ActiveCfg = Debug|Win32
		{E01C9DAC-044E-44E7-A714-F6F74DFCE5F6}.Debug|x86.Build.0 = Debug|Win32
		{E01C9DAC-044E-44E7-A714-F6F74DFCE5F6}.Release|x64.ActiveCfg = Release|x64
		{E01C9DAC-044E-44E7-A714-F6F74DFCE5F6}.Release|x64.Build.0 = Release|x64
		{E01C9DAC-044E-44E7-A714-F6F74DFCE5F6}.Release|x86.ActiveCfg = Release|Win32
		{E01C9DAC-044E-44E7-A714-F6F74DFCE5F6}.Release|x86.Build.0 = Release|Win32
		{C32D1B86-60BD-4E46-91A3-E76820A8945F}.Debug|x64.ActiveCfg = Debug|x64
		{C32D1B86-60BD-4E46-91A3-E76820A8945F}.Debug|x64.Build.0 = Debug|x64
		{C32D1B86-60BD-4E46-91A3-E76820A8945F}.Debug|x86.ActiveCfg = Debug|x86
		{C32D1B86-60BD-4E46-91A3-E76820A8945F}.Debug|x86.Build.0 = Debug|x86
		{C32D1B86-60BD-4E46-91A3-E76820A8945F}.Release|x64.ActiveCfg = Release|x64
		{C32D1B86-60BD-4E46-91A3-E76820A8945F}.Release|x64.Build.0 = Release|x64
		{C32D1B86-60BD-4E46-91A3-E76820A8945F}.Release|x86.ActiveCfg = Release|x86
		{C32D1B86-60BD-4E46-91A3-E76820A8945F}.Release|x86.Build.0 = Release|x86
		{92CB2442-1337-493A-A630-A8E8E4AFBA38}.Debug|x64.ActiveCfg = Debug|x64
		{92CB2442-1337-493A-A630-A8E8E4AFBA38}.Debug|x64.Build.0 = Debug|x64
		{92CB2442-1337-493A-A630-A8E8E4AFBA38}.Debug|x86.ActiveCfg = Debug|Win32
		{92CB2442-1337-493A-A630-A8E8E4AFBA38}.Debug|x86.Build.0 = Debug|Win32
		{92CB2442-1337-493A-A630-A8E8E4AFBA38}.Release|x64.ActiveCfg = Release|x64
		{92CB2442-1337-493A-A630-A8E8E4AFBA38}.Release|x64.Build.0 = Release|x64
		{92CB2442-1337-493A-A630-A8E8E4AFBA38}.Release|x86.ActiveCfg = Release|Win32
		{92CB2442-1337-493A-A630-A8E8E4AFBA38}.Release|x86.Build.0 = Release|Win32
		{2F95A161-81B8-4DDD-84DC-757948D9C27A}.Debug|x64.ActiveCfg = Debug|x64
		{2F95A161-81B8-4DDD-84DC-757948D9C27A}.Debug|x64.Build.0 = Debug|x64
		{2F95A161-81B8-4DDD-84DC-757948D9C27A}.Debug|x86.ActiveCfg = Debug|Win32
		{2F95A161-81B8-4DDD-84DC-757948D9C27A}.Debug|x86.Build.0 = Debug|Win32
		{2F95A161-81B8-4DDD-84DC-757948D9C27A}.Release|x64.ActiveCfg = Release|x64
		{2F95A161-81B8-4DDD-84DC-757948D9C27A}.Release|x64.Build.0 = Release|x64
		{2F95A161-81B8-4DDD-84DC-757948D9C27A}.Release|x86.ActiveCfg = Release|Win32
		{2F95A161-81B8-4DDD-84DC-757948D9C27A}.Release|x86.Build.0 = Release|Win32
		{2131D1C2-8C1F-40F7-9190-D65CBA2A3EBF}.Debug|x64.ActiveCfg = Debug|x64
		{2131D1C2-8C1F-40F7-9190-D65CBA2A3EBF}.Debug|x64.Build.0 = Debug|x64
		{2131D1C2-8C1F-40F7-9190-D65CBA2A3EBF}.Debug|x86.ActiveCfg = Debug|Win32
		{2131D1C2-8C1F-40F7-9190-D65CBA2A3EBF}.Debug|x86.Build.0 = Debug|Win32
		{2131D1C2-8C1F-40F7-9190-D65CBA2A3EBF}.Release|x64.ActiveCfg = Release|x64
		{2131D1C2-8C1F-40F7-9190-D65CBA2A3EBF}.Release|x64.Build.0 = Release|x64
		{2131D1C2-8C1F-40F7-9190-D65CBA2A3EBF}.Release|x86.ActiveCfg = Release|Win32
		{2131D1C2-8C1F-40F7-9190-D65CBA2A3EBF}.Release|x86.Build.0 = Release|Win32
	EndGlobalSection
	GlobalSection(SolutionProperties) = preSolution
		HideSolutionNode = FALSE
	EndGlobalSection
EndGlobal
